
Microsoft Visual Studio Solution File, Format Version 12.00
# Visual Studio Version 17
VisualStudioVersion = 17.5.002.0
MinimumVisualStudioVersion = 10.0.40219.1
Project("{9A19103F-16F7-4668-BE54-9A1E7A4F7556}") = "test", "test.csproj", "{E878EC8E-763F-4929-8C26-0B2312BE3BF1}"
EndProject
Global
	GlobalSection(SolutionConfigurationPlatforms) = preSolution
		Debug|Any CPU = Debug|Any CPU
		Release|Any CPU = Release|Any CPU
	EndGlobalSection
	GlobalSection(ProjectConfigurationPlatforms) = postSolution
		{E878EC8E-763F-4929-8C26-0B2312BE3BF1}.Debug|Any CPU.ActiveCfg = Debug|Any CPU
		{E878EC8E-763F-4929-8C26-0B2312BE3BF1}.Debug|Any CPU.Build.0 = Debug|Any CPU
		{E878EC8E-763F-4929-8C26-0B2312BE3BF1}.Release|Any CPU.ActiveCfg = Release|Any CPU
		{E878EC8E-763F-4929-8C26-0B2312BE3BF1}.Release|Any CPU.Build.0 = Release|Any CPU
	EndGlobalSection
	GlobalSection(SolutionProperties) = preSolution
		HideSolutionNode = FALSE
	EndGlobalSection
	GlobalSection(ExtensibilityGlobals) = postSolution
		SolutionGuid = {A62D3E03-3FE0-4907-8484-7417FC180235}
	EndGlobalSection
EndGlobal
